# generated by rye
# use `rye lock` or `rye sync` to update this lockfile
#
# last locked with the following flags:
#   pre: false
#   features: []
#   all-features: false

-e file:.
asttokens==2.2.1
attrs==23.1.0
cached-property==1.5.2
certifi==2023.5.7
charset-normalizer==3.2.0
coverage==7.2.7
cytoolz==0.12.1
eth-abi==4.1.0
eth-bloom==2.0.0
eth-hash==0.5.2
eth-keys==0.4.0
eth-stdlib==0.2.6
eth-typing==3.4.0
eth-utils==2.2.0
hexbytes==0.3.1
hypothesis==6.81.2
idna==3.4
importlib-metadata==6.8.0
iniconfig==2.0.0
lru-dict==1.2.0
markdown-it-py==3.0.0
mdurl==0.1.2
mypy-extensions==0.4.4
packaging==23.1
parsimonious==0.9.0
pluggy==1.2.0
py-ecc==6.0.0
py-evm==0.7.0a3
pycryptodome==3.18.0
pyethash==0.1.27
pygments==2.15.1
pytest==7.4.0
pytest-cov==4.1.0
regex==2023.6.3
requests==2.31.0
rich==13.4.2
rlp==3.0.0
safe-pysha3==1.0.4
semantic-version==2.10.0
six==1.16.0
sortedcontainers==2.4.0
titanoboa==0.1.7
toolz==0.12.0
trie==2.1.1
urllib3==2.0.3
vyper==0.3.9
wheel==0.40.0
zipp==3.16.2
